
Microsoft Visual Studio Solution File, Format Version 12.00
# Visual Studio Version 17
VisualStudioVersion = 17.4.33205.214
MinimumVisualStudioVersion = 10.0.40219.1
Project("{2150E333-8FDC-42A3-9474-1A3956D46DE8}") = "IdentityService", "IdentityService", "{23A14CF2-79F5-4ACB-8E23-0858E1C43956}"
EndProject
Project("{9A19103F-16F7-4668-BE54-9A1E7A4F7556}") = "IdentityService.Domain", "IdentityService.Domain\IdentityService.Domain.csproj", "{1DC45E21-62F5-405F-8DF0-4E679832A5E1}"
EndProject
Project("{9A19103F-16F7-4668-BE54-9A1E7A4F7556}") = "IdentityService.Infrastructure", "IdentityService.Infrastructure\IdentityService.Infrastructure.csproj", "{0AC8ED87-FBD8-4A62-8AE3-9C54DE1E552A}"
EndProject
Project("{9A19103F-16F7-4668-BE54-9A1E7A4F7556}") = "IdentityService.WebAPI", "IdentityService.WebAPI\IdentityService.WebAPI.csproj", "{04B70884-C968-4578-B252-7BD03B521D11}"
EndProject
Project("{2150E333-8FDC-42A3-9474-1A3956D46DE8}") = "Common", "Common", "{7FD658E0-3272-4115-A4E1-03E333BE872D}"
EndProject
Project("{9A19103F-16F7-4668-BE54-9A1E7A4F7556}") = "Common.Initializer", "Common.Initializer\Common.Initializer.csproj", "{1ED00C8E-2C54-4D11-A381-1D2ECC095113}"
EndProject
Project("{9A19103F-16F7-4668-BE54-9A1E7A4F7556}") = "Common.JWT", "Common.JWT\Common.JWT.csproj", "{53EB7DF1-5A62-49F2-9E3A-3F50FC3E6376}"
EndProject
Project("{2150E333-8FDC-42A3-9474-1A3956D46DE8}") = "FileService", "FileService", "{C651908A-8CB8-4C5A-B0CF-005BDB6BC53C}"
EndProject
Project("{9A19103F-16F7-4668-BE54-9A1E7A4F7556}") = "FileService.WebAPI", "FileService.WebAPI\FileService.WebAPI.csproj", "{BF237A34-366A-4B29-B970-A84998208E7A}"
EndProject
Project("{9A19103F-16F7-4668-BE54-9A1E7A4F7556}") = "FileService.Domain", "FileService.Domain\FileService.Domain.csproj", "{12FACCEF-F6C4-44EF-99B2-7DBAD9ACE968}"
EndProject
Project("{9A19103F-16F7-4668-BE54-9A1E7A4F7556}") = "FileService.Infrastructure", "FileService.Infrastructure\FileService.Infrastructure.csproj", "{A2B2F292-52F6-4180-8F78-9D0CFA041798}"
EndProject
Project("{9A19103F-16F7-4668-BE54-9A1E7A4F7556}") = "Common.Tools", "Common.Tools\Common.Tools.csproj", "{FD54B88F-D967-4F6B-80DD-8038EF8EF8E2}"
EndProject
Project("{2150E333-8FDC-42A3-9474-1A3956D46DE8}") = "ProjectService", "ProjectService", "{92BBB7FA-3109-4E1E-9D20-9D2E8A12FD12}"
EndProject
Project("{FAE04EC0-301F-11D3-BF4B-00C04F79EFBC}") = "ProjectService.WebAPI", "ProjectService.WebAPI\ProjectService.WebAPI.csproj", "{CA4754FF-5C8C-4C33-8898-7B546C1BC4E9}"
EndProject
Project("{FAE04EC0-301F-11D3-BF4B-00C04F79EFBC}") = "ProjectService.Domain", "ProjectService.Domain\ProjectService.Domain.csproj", "{790943F0-97F7-48CA-8EA6-CF88C0F786E1}"
EndProject
Project("{FAE04EC0-301F-11D3-BF4B-00C04F79EFBC}") = "ProjectService.Infrasturcture", "ProjectService.Infrasturcture\ProjectService.Infrasturcture.csproj", "{2BB2E6AF-408A-4AC0-A834-4684E7E3DC7E}"
EndProject
Global
	GlobalSection(SolutionConfigurationPlatforms) = preSolution
		Debug|Any CPU = Debug|Any CPU
		Release|Any CPU = Release|Any CPU
	EndGlobalSection
	GlobalSection(ProjectConfigurationPlatforms) = postSolution
		{1DC45E21-62F5-405F-8DF0-4E679832A5E1}.Debug|Any CPU.ActiveCfg = Debug|Any CPU
		{1DC45E21-62F5-405F-8DF0-4E679832A5E1}.Debug|Any CPU.Build.0 = Debug|Any CPU
		{1DC45E21-62F5-405F-8DF0-4E679832A5E1}.Release|Any CPU.ActiveCfg = Release|Any CPU
		{1DC45E21-62F5-405F-8DF0-4E679832A5E1}.Release|Any CPU.Build.0 = Release|Any CPU
		{0AC8ED87-FBD8-4A62-8AE3-9C54DE1E552A}.Debug|Any CPU.ActiveCfg = Debug|Any CPU
		{0AC8ED87-FBD8-4A62-8AE3-9C54DE1E552A}.Debug|Any CPU.Build.0 = Debug|Any CPU
		{0AC8ED87-FBD8-4A62-8AE3-9C54DE1E552A}.Release|Any CPU.ActiveCfg = Release|Any CPU
		{0AC8ED87-FBD8-4A62-8AE3-9C54DE1E552A}.Release|Any CPU.Build.0 = Release|Any CPU
		{04B70884-C968-4578-B252-7BD03B521D11}.Debug|Any CPU.ActiveCfg = Debug|Any CPU
		{04B70884-C968-4578-B252-7BD03B521D11}.Debug|Any CPU.Build.0 = Debug|Any CPU
		{04B70884-C968-4578-B252-7BD03B521D11}.Release|Any CPU.ActiveCfg = Release|Any CPU
		{04B70884-C968-4578-B252-7BD03B521D11}.Release|Any CPU.Build.0 = Release|Any CPU
		{1ED00C8E-2C54-4D11-A381-1D2ECC095113}.Debug|Any CPU.ActiveCfg = Debug|Any CPU
		{1ED00C8E-2C54-4D11-A381-1D2ECC095113}.Debug|Any CPU.Build.0 = Debug|Any CPU
		{1ED00C8E-2C54-4D11-A381-1D2ECC095113}.Release|Any CPU.ActiveCfg = Release|Any CPU
		{1ED00C8E-2C54-4D11-A381-1D2ECC095113}.Release|Any CPU.Build.0 = Release|Any CPU
		{53EB7DF1-5A62-49F2-9E3A-3F50FC3E6376}.Debug|Any CPU.ActiveCfg = Debug|Any CPU
		{53EB7DF1-5A62-49F2-9E3A-3F50FC3E6376}.Debug|Any CPU.Build.0 = Debug|Any CPU
		{53EB7DF1-5A62-49F2-9E3A-3F50FC3E6376}.Release|Any CPU.ActiveCfg = Release|Any CPU
		{53EB7DF1-5A62-49F2-9E3A-3F50FC3E6376}.Release|Any CPU.Build.0 = Release|Any CPU
		{BF237A34-366A-4B29-B970-A84998208E7A}.Debug|Any CPU.ActiveCfg = Debug|Any CPU
		{BF237A34-366A-4B29-B970-A84998208E7A}.Debug|Any CPU.Build.0 = Debug|Any CPU
		{BF237A34-366A-4B29-B970-A84998208E7A}.Release|Any CPU.ActiveCfg = Release|Any CPU
		{BF237A34-366A-4B29-B970-A84998208E7A}.Release|Any CPU.Build.0 = Release|Any CPU
		{12FACCEF-F6C4-44EF-99B2-7DBAD9ACE968}.Debug|Any CPU.ActiveCfg = Debug|Any CPU
		{12FACCEF-F6C4-44EF-99B2-7DBAD9ACE968}.Debug|Any CPU.Build.0 = Debug|Any CPU
		{12FACCEF-F6C4-44EF-99B2-7DBAD9ACE968}.Release|Any CPU.ActiveCfg = Release|Any CPU
		{12FACCEF-F6C4-44EF-99B2-7DBAD9ACE968}.Release|Any CPU.Build.0 = Release|Any CPU
		{A2B2F292-52F6-4180-8F78-9D0CFA041798}.Debug|Any CPU.ActiveCfg = Debug|Any CPU
		{A2B2F292-52F6-4180-8F78-9D0CFA041798}.Debug|Any CPU.Build.0 = Debug|Any CPU
		{A2B2F292-52F6-4180-8F78-9D0CFA041798}.Release|Any CPU.ActiveCfg = Release|Any CPU
		{A2B2F292-52F6-4180-8F78-9D0CFA041798}.Release|Any CPU.Build.0 = Release|Any CPU
		{FD54B88F-D967-4F6B-80DD-8038EF8EF8E2}.Debug|Any CPU.ActiveCfg = Debug|Any CPU
		{FD54B88F-D967-4F6B-80DD-8038EF8EF8E2}.Debug|Any CPU.Build.0 = Debug|Any CPU
		{FD54B88F-D967-4F6B-80DD-8038EF8EF8E2}.Release|Any CPU.ActiveCfg = Release|Any CPU
		{FD54B88F-D967-4F6B-80DD-8038EF8EF8E2}.Release|Any CPU.Build.0 = Release|Any CPU
		{CA4754FF-5C8C-4C33-8898-7B546C1BC4E9}.Debug|Any CPU.ActiveCfg = Debug|Any CPU
		{CA4754FF-5C8C-4C33-8898-7B546C1BC4E9}.Debug|Any CPU.Build.0 = Debug|Any CPU
		{CA4754FF-5C8C-4C33-8898-7B546C1BC4E9}.Release|Any CPU.ActiveCfg = Release|Any CPU
		{CA4754FF-5C8C-4C33-8898-7B546C1BC4E9}.Release|Any CPU.Build.0 = Release|Any CPU
		{790943F0-97F7-48CA-8EA6-CF88C0F786E1}.Debug|Any CPU.ActiveCfg = Debug|Any CPU
		{790943F0-97F7-48CA-8EA6-CF88C0F786E1}.Debug|Any CPU.Build.0 = Debug|Any CPU
		{790943F0-97F7-48CA-8EA6-CF88C0F786E1}.Release|Any CPU.ActiveCfg = Release|Any CPU
		{790943F0-97F7-48CA-8EA6-CF88C0F786E1}.Release|Any CPU.Build.0 = Release|Any CPU
		{2BB2E6AF-408A-4AC0-A834-4684E7E3DC7E}.Debug|Any CPU.ActiveCfg = Debug|Any CPU
		{2BB2E6AF-408A-4AC0-A834-4684E7E3DC7E}.Debug|Any CPU.Build.0 = Debug|Any CPU
		{2BB2E6AF-408A-4AC0-A834-4684E7E3DC7E}.Release|Any CPU.ActiveCfg = Release|Any CPU
		{2BB2E6AF-408A-4AC0-A834-4684E7E3DC7E}.Release|Any CPU.Build.0 = Release|Any CPU
	EndGlobalSection
	GlobalSection(SolutionProperties) = preSolution
		HideSolutionNode = FALSE
	EndGlobalSection
	GlobalSection(NestedProjects) = preSolution
		{1DC45E21-62F5-405F-8DF0-4E679832A5E1} = {23A14CF2-79F5-4ACB-8E23-0858E1C43956}
		{0AC8ED87-FBD8-4A62-8AE3-9C54DE1E552A} = {23A14CF2-79F5-4ACB-8E23-0858E1C43956}
		{04B70884-C968-4578-B252-7BD03B521D11} = {23A14CF2-79F5-4ACB-8E23-0858E1C43956}
		{1ED00C8E-2C54-4D11-A381-1D2ECC095113} = {7FD658E0-3272-4115-A4E1-03E333BE872D}
		{53EB7DF1-5A62-49F2-9E3A-3F50FC3E6376} = {7FD658E0-3272-4115-A4E1-03E333BE872D}
		{BF237A34-366A-4B29-B970-A84998208E7A} = {C651908A-8CB8-4C5A-B0CF-005BDB6BC53C}
		{12FACCEF-F6C4-44EF-99B2-7DBAD9ACE968} = {C651908A-8CB8-4C5A-B0CF-005BDB6BC53C}
		{A2B2F292-52F6-4180-8F78-9D0CFA041798} = {C651908A-8CB8-4C5A-B0CF-005BDB6BC53C}
		{FD54B88F-D967-4F6B-80DD-8038EF8EF8E2} = {7FD658E0-3272-4115-A4E1-03E333BE872D}
		{CA4754FF-5C8C-4C33-8898-7B546C1BC4E9} = {92BBB7FA-3109-4E1E-9D20-9D2E8A12FD12}
		{790943F0-97F7-48CA-8EA6-CF88C0F786E1} = {92BBB7FA-3109-4E1E-9D20-9D2E8A12FD12}
		{2BB2E6AF-408A-4AC0-A834-4684E7E3DC7E} = {92BBB7FA-3109-4E1E-9D20-9D2E8A12FD12}
	EndGlobalSection
	GlobalSection(ExtensibilityGlobals) = postSolution
		SolutionGuid = {E8815C97-2444-4B47-A9DE-32D20A497D65}
	EndGlobalSection
EndGlobal
